
Microsoft Visual Studio Solution File, Format Version 11.00
# Visual Studio 2010
Project("{FAE04EC0-301F-11D3-BF4B-00C04F79EFBC}") = "WPFTextBoxAutoComplete", "WPFTextBoxAutoComplete\WPFTextBoxAutoComplete.csproj", "{CA669F4C-806B-481B-98E4-CCE97A978131}"
EndProject
Global
	GlobalSection(SolutionConfigurationPlatforms) = preSolution
		Debug|Any CPU = Debug|Any CPU
		Release|Any CPU = Release|Any CPU
	EndGlobalSection
	GlobalSection(ProjectConfigurationPlatforms) = postSolution
		{CA669F4C-806B-481B-98E4-CCE97A978131}.Debug|Any CPU.ActiveCfg = Debug|Any CPU
		{CA669F4C-806B-481B-98E4-CCE97A978131}.Debug|Any CPU.Build.0 = Debug|Any CPU
		{CA669F4C-806B-481B-98E4-CCE97A978131}.Release|Any CPU.ActiveCfg = Release|Any CPU
		{CA669F4C-806B-481B-98E4-CCE97A978131}.Release|Any CPU.Build.0 = Release|Any CPU
	EndGlobalSection
	GlobalSection(SolutionProperties) = preSolution
		HideSolutionNode = FALSE
	EndGlobalSection
EndGlobal
